
Microsoft Visual Studio Solution File, Format Version 12.00
# Visual Studio 15
VisualStudioVersion = 15.0.28307.102
MinimumVisualStudioVersion = 10.0.40219.1
Project("{9A19103F-16F7-4668-BE54-9A1E7A4F7556}") = "bprapp", "bprapp.csproj", "{48743D03-35F3-4B47-9575-0A8AED88D9AB}"
EndProject
Global
	GlobalSection(SolutionConfigurationPlatforms) = preSolution
		Debug|Any CPU = Debug|Any CPU
		Release|Any CPU = Release|Any CPU
	EndGlobalSection
	GlobalSection(ProjectConfigurationPlatforms) = postSolution
		{48743D03-35F3-4B47-9575-0A8AED88D9AB}.Debug|Any CPU.ActiveCfg = Debug|Any CPU
		{48743D03-35F3-4B47-9575-0A8AED88D9AB}.Debug|Any CPU.Build.0 = Debug|Any CPU
		{48743D03-35F3-4B47-9575-0A8AED88D9AB}.Release|Any CPU.ActiveCfg = Release|Any CPU
		{48743D03-35F3-4B47-9575-0A8AED88D9AB}.Release|Any CPU.Build.0 = Release|Any CPU
	EndGlobalSection
	GlobalSection(SolutionProperties) = preSolution
		HideSolutionNode = FALSE
	EndGlobalSection
	GlobalSection(ExtensibilityGlobals) = postSolution
		SolutionGuid = {A2C76AAF-3BA6-4A11-8C86-F938A86C5A3E}
	EndGlobalSection
EndGlobal
